
Microsoft Visual Studio Solution File, Format Version 12.00
# Visual Studio Version 17
VisualStudioVersion = 17.2.32505.173
MinimumVisualStudioVersion = 10.0.40219.1
Project("{FAE04EC0-301F-11D3-BF4B-00C04F79EFBC}") = "MedManager", "MedManager.csproj", "{34FD50B5-390B-45A1-9140-A3842B0CB3B4}"
EndProject
Global
	GlobalSection(SolutionConfigurationPlatforms) = preSolution
		Debug|Any CPU = Debug|Any CPU
		Release|Any CPU = Release|Any CPU
	EndGlobalSection
	GlobalSection(ProjectConfigurationPlatforms) = postSolution
		{34FD50B5-390B-45A1-9140-A3842B0CB3B4}.Debug|Any CPU.ActiveCfg = Debug|Any CPU
		{34FD50B5-390B-45A1-9140-A3842B0CB3B4}.Debug|Any CPU.Build.0 = Debug|Any CPU
		{34FD50B5-390B-45A1-9140-A3842B0CB3B4}.Release|Any CPU.ActiveCfg = Release|Any CPU
		{34FD50B5-390B-45A1-9140-A3842B0CB3B4}.Release|Any CPU.Build.0 = Release|Any CPU
	EndGlobalSection
	GlobalSection(SolutionProperties) = preSolution
		HideSolutionNode = FALSE
	EndGlobalSection
	GlobalSection(ExtensibilityGlobals) = postSolution
		SolutionGuid = {30B13C67-1041-4317-BA4B-3948CF8176C3}
	EndGlobalSection
EndGlobal
